{
  "pins" : [
    {
      "identity" : "avplayerkit",
      "kind" : "remoteSourceControl",
      "location" : "https://github.com/SwiftExtensions/AVPlayerKit",
      "state" : {
        "revision" : "cb1299d1912a3eb24a3dad714a8b9999f5609c6f",
        "version" : "0.4.0"
      }
    }
  ],
  "version" : 2
}
