{
  "pins" : [
    {
      "identity" : "avplayerkit",
      "kind" : "remoteSourceControl",
      "location" : "https://github.com/SwiftExtensions/AVPlayerKit",
      "state" : {
        "revision" : "cc0ae3c72330ba0b537c240e49103b3872d4ff2e",
        "version" : "1.4.0"
      }
    }
  ],
  "version" : 2
}
